
Microsoft Visual Studio Solution File, Format Version 12.00
# Visual Studio Version 16
VisualStudioVersion = 16.0.30907.101
MinimumVisualStudioVersion = 10.0.40219.1
Project("{FAE04EC0-301F-11D3-BF4B-00C04F79EFBC}") = "AzureFunctions", "AzureFunctions.csproj", "{7241D478-7DE3-4BC6-8E6B-415C49E81A69}"
EndProject
Global
	GlobalSection(SolutionConfigurationPlatforms) = preSolution
		Debug|Any CPU = Debug|Any CPU
		Release|Any CPU = Release|Any CPU
	EndGlobalSection
	GlobalSection(ProjectConfigurationPlatforms) = postSolution
		{7241D478-7DE3-4BC6-8E6B-415C49E81A69}.Debug|Any CPU.ActiveCfg = Debug|Any CPU
		{7241D478-7DE3-4BC6-8E6B-415C49E81A69}.Debug|Any CPU.Build.0 = Debug|Any CPU
		{7241D478-7DE3-4BC6-8E6B-415C49E81A69}.Release|Any CPU.ActiveCfg = Release|Any CPU
		{7241D478-7DE3-4BC6-8E6B-415C49E81A69}.Release|Any CPU.Build.0 = Release|Any CPU
	EndGlobalSection
	GlobalSection(SolutionProperties) = preSolution
		HideSolutionNode = FALSE
	EndGlobalSection
	GlobalSection(ExtensibilityGlobals) = postSolution
		SolutionGuid = {80AB2529-DBD8-4A30-A18A-5B5434A5C28E}
	EndGlobalSection
EndGlobal
